
Microsoft Visual Studio Solution File, Format Version 12.00
# Visual Studio Version 16
VisualStudioVersion = 16.0.31729.503
MinimumVisualStudioVersion = 10.0.40219.1
Project("{FAE04EC0-301F-11D3-BF4B-00C04F79EFBC}") = "Presentation", "Presentation\Presentation.csproj", "{19B3DF9F-407D-42CD-9C59-4CB13C67838F}"
EndProject
Project("{FAE04EC0-301F-11D3-BF4B-00C04F79EFBC}") = "Dto", "Dto\Dto.csproj", "{36365822-7AA4-4B41-8C1C-BD725C5CD220}"
EndProject
Project("{FAE04EC0-301F-11D3-BF4B-00C04F79EFBC}") = "Dal", "Dal\Dal.csproj", "{FB869A08-6965-4B0C-87CE-F1E9500330CC}"
EndProject
Project("{FAE04EC0-301F-11D3-BF4B-00C04F79EFBC}") = "Bll", "Bll\Bll.csproj", "{150074AF-AC2B-467B-B657-635ACC07410D}"
EndProject
Project("{FAE04EC0-301F-11D3-BF4B-00C04F79EFBC}") = "Utils", "Utils\Utils.csproj", "{D21075E2-6132-4BAF-B522-85AD603CD36E}"
EndProject
Global
	GlobalSection(SolutionConfigurationPlatforms) = preSolution
		Debug|Any CPU = Debug|Any CPU
		Release|Any CPU = Release|Any CPU
	EndGlobalSection
	GlobalSection(ProjectConfigurationPlatforms) = postSolution
		{19B3DF9F-407D-42CD-9C59-4CB13C67838F}.Debug|Any CPU.ActiveCfg = Debug|Any CPU
		{19B3DF9F-407D-42CD-9C59-4CB13C67838F}.Debug|Any CPU.Build.0 = Debug|Any CPU
		{19B3DF9F-407D-42CD-9C59-4CB13C67838F}.Release|Any CPU.ActiveCfg = Release|Any CPU
		{19B3DF9F-407D-42CD-9C59-4CB13C67838F}.Release|Any CPU.Build.0 = Release|Any CPU
		{36365822-7AA4-4B41-8C1C-BD725C5CD220}.Debug|Any CPU.ActiveCfg = Debug|Any CPU
		{36365822-7AA4-4B41-8C1C-BD725C5CD220}.Debug|Any CPU.Build.0 = Debug|Any CPU
		{36365822-7AA4-4B41-8C1C-BD725C5CD220}.Release|Any CPU.ActiveCfg = Release|Any CPU
		{36365822-7AA4-4B41-8C1C-BD725C5CD220}.Release|Any CPU.Build.0 = Release|Any CPU
		{FB869A08-6965-4B0C-87CE-F1E9500330CC}.Debug|Any CPU.ActiveCfg = Debug|Any CPU
		{FB869A08-6965-4B0C-87CE-F1E9500330CC}.Debug|Any CPU.Build.0 = Debug|Any CPU
		{FB869A08-6965-4B0C-87CE-F1E9500330CC}.Release|Any CPU.ActiveCfg = Release|Any CPU
		{FB869A08-6965-4B0C-87CE-F1E9500330CC}.Release|Any CPU.Build.0 = Release|Any CPU
		{150074AF-AC2B-467B-B657-635ACC07410D}.Debug|Any CPU.ActiveCfg = Debug|Any CPU
		{150074AF-AC2B-467B-B657-635ACC07410D}.Debug|Any CPU.Build.0 = Debug|Any CPU
		{150074AF-AC2B-467B-B657-635ACC07410D}.Release|Any CPU.ActiveCfg = Release|Any CPU
		{150074AF-AC2B-467B-B657-635ACC07410D}.Release|Any CPU.Build.0 = Release|Any CPU
		{D21075E2-6132-4BAF-B522-85AD603CD36E}.Debug|Any CPU.ActiveCfg = Debug|Any CPU
		{D21075E2-6132-4BAF-B522-85AD603CD36E}.Debug|Any CPU.Build.0 = Debug|Any CPU
		{D21075E2-6132-4BAF-B522-85AD603CD36E}.Release|Any CPU.ActiveCfg = Release|Any CPU
		{D21075E2-6132-4BAF-B522-85AD603CD36E}.Release|Any CPU.Build.0 = Release|Any CPU
	EndGlobalSection
	GlobalSection(SolutionProperties) = preSolution
		HideSolutionNode = FALSE
	EndGlobalSection
	GlobalSection(ExtensibilityGlobals) = postSolution
		SolutionGuid = {A2EA94F6-249E-4533-8BC7-8FE6FBBFF76C}
	EndGlobalSection
EndGlobal
